{
	"name": "klementine-ui",
	"version": "0.0.0",
	"lockfileVersion": 3,
	"requires": true,
	"packages": {
		"": {
			"name": "klementine-ui",
			"version": "0.0.0",
			"license": "UNLICENSED",
			"dependencies": {
				"@awesome.me/webawesome": "^3.5.0",
				"alpinejs": "^3.15.12",
				"axios": "^1.17.0",
				"crc-32": "^1.2.2",
				"htmx.org": "^2.0.10",
				"sortablejs": "^1.15.7",
				"vanilla-calendar-pro": "^3.1.0"
			}
		},
		"node_modules/@awesome.me/webawesome": {
			"version": "3.7.0",
			"resolved": "https://registry.npmjs.org/@awesome.me/webawesome/-/webawesome-3.7.0.tgz",
			"integrity": "sha512-rAhTpJsJShv/4JWWGh+d7yQZ3pmk9j+YbwZjWWbgnPQPA+9I2/BrTUgNY+bOLehUovIbDd11J6+myGwGh0hl2w==",
			"license": "MIT",
			"dependencies": {
				"@ctrl/tinycolor": "4.1.0",
				"@floating-ui/dom": "^1.6.13",
				"@lit/react": "^1.0.8",
				"@shoelace-style/animations": "^1.2.0",
				"@shoelace-style/localize": "^3.2.2",
				"composed-offset-position": "^0.0.6",
				"lit": "^3.2.1",
				"marked": "^11.2.0",
				"nanoid": "^5.1.5",
				"qr-creator": "^1.0.0"
			},
			"engines": {
				"node": ">=14.17.0"
			}
		},
		"node_modules/@ctrl/tinycolor": {
			"version": "4.1.0",
			"resolved": "https://registry.npmjs.org/@ctrl/tinycolor/-/tinycolor-4.1.0.tgz",
			"integrity": "sha512-WyOx8cJQ+FQus4Mm4uPIZA64gbk3Wxh0so5Lcii0aJifqwoVOlfFtorjLE0Hen4OYyHZMXDWqMmaQemBhgxFRQ==",
			"license": "MIT",
			"engines": {
				"node": ">=14"
			}
		},
		"node_modules/@floating-ui/core": {
			"version": "1.7.5",
			"resolved": "https://registry.npmjs.org/@floating-ui/core/-/core-1.7.5.tgz",
			"integrity": "sha512-1Ih4WTWyw0+lKyFMcBHGbb5U5FtuHJuujoyyr5zTaWS5EYMeT6Jb2AuDeftsCsEuchO+mM2ij5+q9crhydzLhQ==",
			"license": "MIT",
			"dependencies": {
				"@floating-ui/utils": "^0.2.11"
			}
		},
		"node_modules/@floating-ui/dom": {
			"version": "1.7.6",
			"resolved": "https://registry.npmjs.org/@floating-ui/dom/-/dom-1.7.6.tgz",
			"integrity": "sha512-9gZSAI5XM36880PPMm//9dfiEngYoC6Am2izES1FF406YFsjvyBMmeJ2g4SAju3xWwtuynNRFL2s9hgxpLI5SQ==",
			"license": "MIT",
			"dependencies": {
				"@floating-ui/core": "^1.7.5",
				"@floating-ui/utils": "^0.2.11"
			}
		},
		"node_modules/@floating-ui/utils": {
			"version": "0.2.11",
			"resolved": "https://registry.npmjs.org/@floating-ui/utils/-/utils-0.2.11.tgz",
			"integrity": "sha512-RiB/yIh78pcIxl6lLMG0CgBXAZ2Y0eVHqMPYugu+9U0AeT6YBeiJpf7lbdJNIugFP5SIjwNRgo4DhR1Qxi26Gg==",
			"license": "MIT"
		},
		"node_modules/@lit-labs/ssr-dom-shim": {
			"version": "1.6.0",
			"resolved": "https://registry.npmjs.org/@lit-labs/ssr-dom-shim/-/ssr-dom-shim-1.6.0.tgz",
			"integrity": "sha512-VHb0ALPMTlgKjM6yIxxoQNnpKyUKLD04VzeQdsiXkMqkvYlAHxq9glGLmgbb889/1GsohSOAjvQYoiBppXFqrQ==",
			"license": "BSD-3-Clause"
		},
		"node_modules/@lit/react": {
			"version": "1.0.8",
			"resolved": "https://registry.npmjs.org/@lit/react/-/react-1.0.8.tgz",
			"integrity": "sha512-p2+YcF+JE67SRX3mMlJ1TKCSTsgyOVdAwd/nxp3NuV1+Cb6MWALbN6nT7Ld4tpmYofcE5kcaSY1YBB9erY+6fw==",
			"license": "BSD-3-Clause",
			"peerDependencies": {
				"@types/react": "17 || 18 || 19"
			}
		},
		"node_modules/@lit/reactive-element": {
			"version": "2.1.2",
			"resolved": "https://registry.npmjs.org/@lit/reactive-element/-/reactive-element-2.1.2.tgz",
			"integrity": "sha512-pbCDiVMnne1lYUIaYNN5wrwQXDtHaYtg7YEFPeW+hws6U47WeFvISGUWekPGKWOP1ygrs0ef0o1VJMk1exos5A==",
			"license": "BSD-3-Clause",
			"dependencies": {
				"@lit-labs/ssr-dom-shim": "^1.5.0"
			}
		},
		"node_modules/@shoelace-style/animations": {
			"version": "1.2.0",
			"resolved": "https://registry.npmjs.org/@shoelace-style/animations/-/animations-1.2.0.tgz",
			"integrity": "sha512-avvo1xxkLbv2dgtabdewBbqcJfV0e0zCwFqkPMnHFGbJbBHorRFfMAHh1NG9ymmXn0jW95ibUVH03E1NYXD6Gw==",
			"license": "MIT",
			"funding": {
				"type": "individual",
				"url": "https://github.com/sponsors/claviska"
			}
		},
		"node_modules/@shoelace-style/localize": {
			"version": "3.2.2",
			"resolved": "https://registry.npmjs.org/@shoelace-style/localize/-/localize-3.2.2.tgz",
			"integrity": "sha512-h3+2/cFWGaw3KQUwintkP4Cy3PtrVW//ysr9DM5nOfIXYekgrHwsELk/nyxc8hmjVP/Kcon7KCzvUtSwUBipfQ==",
			"license": "MIT"
		},
		"node_modules/@types/react": {
			"version": "19.2.15",
			"resolved": "https://registry.npmjs.org/@types/react/-/react-19.2.15.tgz",
			"integrity": "sha512-eRwcGNHve+E8qtEQSSRl6urh+rFop4v8gm6O8rGv25CodbvFdLjA1vVQ1KkiFE0w0UPOnb8tDiFKL5lp0rtY5Q==",
			"license": "MIT",
			"peer": true,
			"dependencies": {
				"csstype": "^3.2.2"
			}
		},
		"node_modules/@types/trusted-types": {
			"version": "2.0.7",
			"resolved": "https://registry.npmjs.org/@types/trusted-types/-/trusted-types-2.0.7.tgz",
			"integrity": "sha512-ScaPdn1dQczgbl0QFTeTOmVHFULt394XJgOQNoyVhZ6r2vLnMLJfBPd53SB52T/3G36VI1/g2MZaX0cwDuXsfw==",
			"license": "MIT"
		},
		"node_modules/@vue/reactivity": {
			"version": "3.1.5",
			"resolved": "https://registry.npmjs.org/@vue/reactivity/-/reactivity-3.1.5.tgz",
			"integrity": "sha512-1tdfLmNjWG6t/CsPldh+foumYFo3cpyCHgBYQ34ylaMsJ+SNHQ1kApMIa8jN+i593zQuaw3AdWH0nJTARzCFhg==",
			"license": "MIT",
			"dependencies": {
				"@vue/shared": "3.1.5"
			}
		},
		"node_modules/@vue/shared": {
			"version": "3.1.5",
			"resolved": "https://registry.npmjs.org/@vue/shared/-/shared-3.1.5.tgz",
			"integrity": "sha512-oJ4F3TnvpXaQwZJNF3ZK+kLPHKarDmJjJ6jyzVNDKH9md1dptjC7lWR//jrGuLdek/U6iltWxqAnYOu8gCiOvA==",
			"license": "MIT"
		},
		"node_modules/agent-base": {
			"version": "6.0.2",
			"resolved": "https://registry.npmjs.org/agent-base/-/agent-base-6.0.2.tgz",
			"integrity": "sha512-RZNwNclF7+MS/8bDg70amg32dyeZGZxiDuQmZxKLAlQjr3jGyLx+4Kkk58UO7D2QdgFIQCovuSuZESne6RG6XQ==",
			"license": "MIT",
			"dependencies": {
				"debug": "4"
			},
			"engines": {
				"node": ">= 6.0.0"
			}
		},
		"node_modules/alpinejs": {
			"version": "3.15.12",
			"resolved": "https://registry.npmjs.org/alpinejs/-/alpinejs-3.15.12.tgz",
			"integrity": "sha512-nJvPAQVNPdZZ0NrExJ/kzQco3ijR8LwvCOadQecllESiqT4NyZ/57sN9V2XyvhlBGAbmlKYgeWZvYdKq99ij/Q==",
			"license": "MIT",
			"dependencies": {
				"@vue/reactivity": "~3.1.1"
			}
		},
		"node_modules/asynckit": {
			"version": "0.4.0",
			"resolved": "https://registry.npmjs.org/asynckit/-/asynckit-0.4.0.tgz",
			"integrity": "sha512-Oei9OH4tRh0YqU3GxhX79dM/mwVgvbZJaSNaRk+bshkj0S5cfHcgYakreBjrHwatXKbz+IoIdYLxrKim2MjW0Q==",
			"license": "MIT"
		},
		"node_modules/axios": {
			"version": "1.17.0",
			"resolved": "https://registry.npmjs.org/axios/-/axios-1.17.0.tgz",
			"integrity": "sha512-J8SwNxprqqpbfenehxWYXE7CW+wM1BB4w3+N+g+/Wx40xM4rsLrfPmHHxSWIxJLYDgSY/HqlFPIYb2/S3rxafw==",
			"license": "MIT",
			"dependencies": {
				"follow-redirects": "^1.16.0",
				"form-data": "^4.0.5",
				"https-proxy-agent": "^5.0.1",
				"proxy-from-env": "^2.1.0"
			}
		},
		"node_modules/call-bind-apply-helpers": {
			"version": "1.0.2",
			"resolved": "https://registry.npmjs.org/call-bind-apply-helpers/-/call-bind-apply-helpers-1.0.2.tgz",
			"integrity": "sha512-Sp1ablJ0ivDkSzjcaJdxEunN5/XvksFJ2sMBFfq6x0ryhQV/2b/KwFe21cMpmHtPOSij8K99/wSfoEuTObmuMQ==",
			"license": "MIT",
			"dependencies": {
				"es-errors": "^1.3.0",
				"function-bind": "^1.1.2"
			},
			"engines": {
				"node": ">= 0.4"
			}
		},
		"node_modules/combined-stream": {
			"version": "1.0.8",
			"resolved": "https://registry.npmjs.org/combined-stream/-/combined-stream-1.0.8.tgz",
			"integrity": "sha512-FQN4MRfuJeHf7cBbBMJFXhKSDq+2kAArBlmRBvcvFE5BB1HZKXtSFASDhdlz9zOYwxh8lDdnvmMOe/+5cdoEdg==",
			"license": "MIT",
			"dependencies": {
				"delayed-stream": "~1.0.0"
			},
			"engines": {
				"node": ">= 0.8"
			}
		},
		"node_modules/composed-offset-position": {
			"version": "0.0.6",
			"resolved": "https://registry.npmjs.org/composed-offset-position/-/composed-offset-position-0.0.6.tgz",
			"integrity": "sha512-Q7dLompI6lUwd7LWyIcP66r4WcS9u7AL2h8HaeipiRfCRPLMWqRx8fYsjb4OHi6UQFifO7XtNC2IlEJ1ozIFxw==",
			"license": "MIT",
			"peerDependencies": {
				"@floating-ui/utils": "^0.2.5"
			}
		},
		"node_modules/crc-32": {
			"version": "1.2.2",
			"resolved": "https://registry.npmjs.org/crc-32/-/crc-32-1.2.2.tgz",
			"integrity": "sha512-ROmzCKrTnOwybPcJApAA6WBWij23HVfGVNKqqrZpuyZOHqK2CwHSvpGuyt/UNNvaIjEd8X5IFGp4Mh+Ie1IHJQ==",
			"license": "Apache-2.0",
			"bin": {
				"crc32": "bin/crc32.njs"
			},
			"engines": {
				"node": ">=0.8"
			}
		},
		"node_modules/csstype": {
			"version": "3.2.3",
			"resolved": "https://registry.npmjs.org/csstype/-/csstype-3.2.3.tgz",
			"integrity": "sha512-z1HGKcYy2xA8AGQfwrn0PAy+PB7X/GSj3UVJW9qKyn43xWa+gl5nXmU4qqLMRzWVLFC8KusUX8T/0kCiOYpAIQ==",
			"license": "MIT",
			"peer": true
		},
		"node_modules/debug": {
			"version": "4.4.3",
			"resolved": "https://registry.npmjs.org/debug/-/debug-4.4.3.tgz",
			"integrity": "sha512-RGwwWnwQvkVfavKVt22FGLw+xYSdzARwm0ru6DhTVA3umU5hZc28V3kO4stgYryrTlLpuvgI9GiijltAjNbcqA==",
			"license": "MIT",
			"dependencies": {
				"ms": "^2.1.3"
			},
			"engines": {
				"node": ">=6.0"
			},
			"peerDependenciesMeta": {
				"supports-color": {
					"optional": true
				}
			}
		},
		"node_modules/delayed-stream": {
			"version": "1.0.0",
			"resolved": "https://registry.npmjs.org/delayed-stream/-/delayed-stream-1.0.0.tgz",
			"integrity": "sha512-ZySD7Nf91aLB0RxL4KGrKHBXl7Eds1DAmEdcoVawXnLD7SDhpNgtuII2aAkg7a7QS41jxPSZ17p4VdGnMHk3MQ==",
			"license": "MIT",
			"engines": {
				"node": ">=0.4.0"
			}
		},
		"node_modules/dunder-proto": {
			"version": "1.0.1",
			"resolved": "https://registry.npmjs.org/dunder-proto/-/dunder-proto-1.0.1.tgz",
			"integrity": "sha512-KIN/nDJBQRcXw0MLVhZE9iQHmG68qAVIBg9CqmUYjmQIhgij9U5MFvrqkUL5FbtyyzZuOeOt0zdeRe4UY7ct+A==",
			"license": "MIT",
			"dependencies": {
				"call-bind-apply-helpers": "^1.0.1",
				"es-errors": "^1.3.0",
				"gopd": "^1.2.0"
			},
			"engines": {
				"node": ">= 0.4"
			}
		},
		"node_modules/es-define-property": {
			"version": "1.0.1",
			"resolved": "https://registry.npmjs.org/es-define-property/-/es-define-property-1.0.1.tgz",
			"integrity": "sha512-e3nRfgfUZ4rNGL232gUgX06QNyyez04KdjFrF+LTRoOXmrOgFKDg4BCdsjW8EnT69eqdYGmRpJwiPVYNrCaW3g==",
			"license": "MIT",
			"engines": {
				"node": ">= 0.4"
			}
		},
		"node_modules/es-errors": {
			"version": "1.3.0",
			"resolved": "https://registry.npmjs.org/es-errors/-/es-errors-1.3.0.tgz",
			"integrity": "sha512-Zf5H2Kxt2xjTvbJvP2ZWLEICxA6j+hAmMzIlypy4xcBg1vKVnx89Wy0GbS+kf5cwCVFFzdCFh2XSCFNULS6csw==",
			"license": "MIT",
			"engines": {
				"node": ">= 0.4"
			}
		},
		"node_modules/es-object-atoms": {
			"version": "1.1.2",
			"resolved": "https://registry.npmjs.org/es-object-atoms/-/es-object-atoms-1.1.2.tgz",
			"integrity": "sha512-HWcBoN6NileqtSydK2FqHbS/LoDd2pqrnQHLyJzBj4kOp/ky2MWMN694xOfkK8/SnUsW2DH7EfyVlydKCsm1Zw==",
			"license": "MIT",
			"dependencies": {
				"es-errors": "^1.3.0"
			},
			"engines": {
				"node": ">= 0.4"
			}
		},
		"node_modules/es-set-tostringtag": {
			"version": "2.1.0",
			"resolved": "https://registry.npmjs.org/es-set-tostringtag/-/es-set-tostringtag-2.1.0.tgz",
			"integrity": "sha512-j6vWzfrGVfyXxge+O0x5sh6cvxAog0a/4Rdd2K36zCMV5eJ+/+tOAngRO8cODMNWbVRdVlmGZQL2YS3yR8bIUA==",
			"license": "MIT",
			"dependencies": {
				"es-errors": "^1.3.0",
				"get-intrinsic": "^1.2.6",
				"has-tostringtag": "^1.0.2",
				"hasown": "^2.0.2"
			},
			"engines": {
				"node": ">= 0.4"
			}
		},
		"node_modules/follow-redirects": {
			"version": "1.16.0",
			"resolved": "https://registry.npmjs.org/follow-redirects/-/follow-redirects-1.16.0.tgz",
			"integrity": "sha512-y5rN/uOsadFT/JfYwhxRS5R7Qce+g3zG97+JrtFZlC9klX/W5hD7iiLzScI4nZqUS7DNUdhPgw4xI8W2LuXlUw==",
			"funding": [
				{
					"type": "individual",
					"url": "https://github.com/sponsors/RubenVerborgh"
				}
			],
			"license": "MIT",
			"engines": {
				"node": ">=4.0"
			},
			"peerDependenciesMeta": {
				"debug": {
					"optional": true
				}
			}
		},
		"node_modules/form-data": {
			"version": "4.0.5",
			"resolved": "https://registry.npmjs.org/form-data/-/form-data-4.0.5.tgz",
			"integrity": "sha512-8RipRLol37bNs2bhoV67fiTEvdTrbMUYcFTiy3+wuuOnUog2QBHCZWXDRijWQfAkhBj2Uf5UnVaiWwA5vdd82w==",
			"license": "MIT",
			"dependencies": {
				"asynckit": "^0.4.0",
				"combined-stream": "^1.0.8",
				"es-set-tostringtag": "^2.1.0",
				"hasown": "^2.0.2",
				"mime-types": "^2.1.12"
			},
			"engines": {
				"node": ">= 6"
			}
		},
		"node_modules/function-bind": {
			"version": "1.1.2",
			"resolved": "https://registry.npmjs.org/function-bind/-/function-bind-1.1.2.tgz",
			"integrity": "sha512-7XHNxH7qX9xG5mIwxkhumTox/MIRNcOgDrxWsMt2pAr23WHp6MrRlN7FBSFpCpr+oVO0F744iUgR82nJMfG2SA==",
			"license": "MIT",
			"funding": {
				"url": "https://github.com/sponsors/ljharb"
			}
		},
		"node_modules/get-intrinsic": {
			"version": "1.3.0",
			"resolved": "https://registry.npmjs.org/get-intrinsic/-/get-intrinsic-1.3.0.tgz",
			"integrity": "sha512-9fSjSaos/fRIVIp+xSJlE6lfwhES7LNtKaCBIamHsjr2na1BiABJPo0mOjjz8GJDURarmCPGqaiVg5mfjb98CQ==",
			"license": "MIT",
			"dependencies": {
				"call-bind-apply-helpers": "^1.0.2",
				"es-define-property": "^1.0.1",
				"es-errors": "^1.3.0",
				"es-object-atoms": "^1.1.1",
				"function-bind": "^1.1.2",
				"get-proto": "^1.0.1",
				"gopd": "^1.2.0",
				"has-symbols": "^1.1.0",
				"hasown": "^2.0.2",
				"math-intrinsics": "^1.1.0"
			},
			"engines": {
				"node": ">= 0.4"
			},
			"funding": {
				"url": "https://github.com/sponsors/ljharb"
			}
		},
		"node_modules/get-proto": {
			"version": "1.0.1",
			"resolved": "https://registry.npmjs.org/get-proto/-/get-proto-1.0.1.tgz",
			"integrity": "sha512-sTSfBjoXBp89JvIKIefqw7U2CCebsc74kiY6awiGogKtoSGbgjYE/G/+l9sF3MWFPNc9IcoOC4ODfKHfxFmp0g==",
			"license": "MIT",
			"dependencies": {
				"dunder-proto": "^1.0.1",
				"es-object-atoms": "^1.0.0"
			},
			"engines": {
				"node": ">= 0.4"
			}
		},
		"node_modules/gopd": {
			"version": "1.2.0",
			"resolved": "https://registry.npmjs.org/gopd/-/gopd-1.2.0.tgz",
			"integrity": "sha512-ZUKRh6/kUFoAiTAtTYPZJ3hw9wNxx+BIBOijnlG9PnrJsCcSjs1wyyD6vJpaYtgnzDrKYRSqf3OO6Rfa93xsRg==",
			"license": "MIT",
			"engines": {
				"node": ">= 0.4"
			},
			"funding": {
				"url": "https://github.com/sponsors/ljharb"
			}
		},
		"node_modules/has-symbols": {
			"version": "1.1.0",
			"resolved": "https://registry.npmjs.org/has-symbols/-/has-symbols-1.1.0.tgz",
			"integrity": "sha512-1cDNdwJ2Jaohmb3sg4OmKaMBwuC48sYni5HUw2DvsC8LjGTLK9h+eb1X6RyuOHe4hT0ULCW68iomhjUoKUqlPQ==",
			"license": "MIT",
			"engines": {
				"node": ">= 0.4"
			},
			"funding": {
				"url": "https://github.com/sponsors/ljharb"
			}
		},
		"node_modules/has-tostringtag": {
			"version": "1.0.2",
			"resolved": "https://registry.npmjs.org/has-tostringtag/-/has-tostringtag-1.0.2.tgz",
			"integrity": "sha512-NqADB8VjPFLM2V0VvHUewwwsw0ZWBaIdgo+ieHtK3hasLz4qeCRjYcqfB6AQrBggRKppKF8L52/VqdVsO47Dlw==",
			"license": "MIT",
			"dependencies": {
				"has-symbols": "^1.0.3"
			},
			"engines": {
				"node": ">= 0.4"
			},
			"funding": {
				"url": "https://github.com/sponsors/ljharb"
			}
		},
		"node_modules/hasown": {
			"version": "2.0.4",
			"resolved": "https://registry.npmjs.org/hasown/-/hasown-2.0.4.tgz",
			"integrity": "sha512-T2UbfbBEF32wiepXIsMlTW9+dDYC6wMh/t/vYA4tuOMKqWz/n3vr1NFSxQiyP+zk2mXsoMA/i/7qV6LKut1t1A==",
			"license": "MIT",
			"dependencies": {
				"function-bind": "^1.1.2"
			},
			"engines": {
				"node": ">= 0.4"
			}
		},
		"node_modules/htmx.org": {
			"version": "2.0.10",
			"resolved": "https://registry.npmjs.org/htmx.org/-/htmx.org-2.0.10.tgz",
			"integrity": "sha512-kdeJe7ZVwaS6QMz/ebBIVtZdpwen6L0OQ5GOhPV9MKBb196TCZeZu4yA7ZIQsaLKv7EpXz+So7KSXNuHXhj7Cw==",
			"license": "0BSD"
		},
		"node_modules/https-proxy-agent": {
			"version": "5.0.1",
			"resolved": "https://registry.npmjs.org/https-proxy-agent/-/https-proxy-agent-5.0.1.tgz",
			"integrity": "sha512-dFcAjpTQFgoLMzC2VwU+C/CbS7uRL0lWmxDITmqm7C+7F0Odmj6s9l6alZc6AELXhrnggM2CeWSXHGOdX2YtwA==",
			"license": "MIT",
			"dependencies": {
				"agent-base": "6",
				"debug": "4"
			},
			"engines": {
				"node": ">= 6"
			}
		},
		"node_modules/lit": {
			"version": "3.3.3",
			"resolved": "https://registry.npmjs.org/lit/-/lit-3.3.3.tgz",
			"integrity": "sha512-fycuvZg/hkpozL00lm1pEJH5nN/lr9ZXd6mJI2HSN4+Bzc+LDNdEApJ6HFbPkdFNHLvOplIIuJvxkS4XUxqirw==",
			"license": "BSD-3-Clause",
			"dependencies": {
				"@lit/reactive-element": "^2.1.0",
				"lit-element": "^4.2.0",
				"lit-html": "^3.3.0"
			}
		},
		"node_modules/lit-element": {
			"version": "4.2.2",
			"resolved": "https://registry.npmjs.org/lit-element/-/lit-element-4.2.2.tgz",
			"integrity": "sha512-aFKhNToWxoyhkNDmWZwEva2SlQia+jfG0fjIWV//YeTaWrVnOxD89dPKfigCUspXFmjzOEUQpOkejH5Ly6sG0w==",
			"license": "BSD-3-Clause",
			"dependencies": {
				"@lit-labs/ssr-dom-shim": "^1.5.0",
				"@lit/reactive-element": "^2.1.0",
				"lit-html": "^3.3.0"
			}
		},
		"node_modules/lit-html": {
			"version": "3.3.3",
			"resolved": "https://registry.npmjs.org/lit-html/-/lit-html-3.3.3.tgz",
			"integrity": "sha512-el8M6jK2o3RXBnrSHX3ZKrsN8zEV63pSExTO1wYJz7QndGYZ8353e2a5PPX+qHe2aGayfnchQmkAojaWAREOIA==",
			"license": "BSD-3-Clause",
			"dependencies": {
				"@types/trusted-types": "^2.0.2"
			}
		},
		"node_modules/marked": {
			"version": "11.2.0",
			"resolved": "https://registry.npmjs.org/marked/-/marked-11.2.0.tgz",
			"integrity": "sha512-HR0m3bvu0jAPYiIvLUUQtdg1g6D247//lvcekpHO1WMvbwDlwSkZAX9Lw4F4YHE1T0HaaNve0tuAWuV1UJ6vtw==",
			"license": "MIT",
			"bin": {
				"marked": "bin/marked.js"
			},
			"engines": {
				"node": ">= 18"
			}
		},
		"node_modules/math-intrinsics": {
			"version": "1.1.0",
			"resolved": "https://registry.npmjs.org/math-intrinsics/-/math-intrinsics-1.1.0.tgz",
			"integrity": "sha512-/IXtbwEk5HTPyEwyKX6hGkYXxM9nbj64B+ilVJnC/R6B0pH5G4V3b0pVbL7DBj4tkhBAppbQUlf6F6Xl9LHu1g==",
			"license": "MIT",
			"engines": {
				"node": ">= 0.4"
			}
		},
		"node_modules/mime-db": {
			"version": "1.52.0",
			"resolved": "https://registry.npmjs.org/mime-db/-/mime-db-1.52.0.tgz",
			"integrity": "sha512-sPU4uV7dYlvtWJxwwxHD0PuihVNiE7TyAbQ5SWxDCB9mUYvOgroQOwYQQOKPJ8CIbE+1ETVlOoK1UC2nU3gYvg==",
			"license": "MIT",
			"engines": {
				"node": ">= 0.6"
			}
		},
		"node_modules/mime-types": {
			"version": "2.1.35",
			"resolved": "https://registry.npmjs.org/mime-types/-/mime-types-2.1.35.tgz",
			"integrity": "sha512-ZDY+bPm5zTTF+YpCrAU9nK0UgICYPT0QtT1NZWFv4s++TNkcgVaT0g6+4R2uI4MjQjzysHB1zxuWL50hzaeXiw==",
			"license": "MIT",
			"dependencies": {
				"mime-db": "1.52.0"
			},
			"engines": {
				"node": ">= 0.6"
			}
		},
		"node_modules/ms": {
			"version": "2.1.3",
			"resolved": "https://registry.npmjs.org/ms/-/ms-2.1.3.tgz",
			"integrity": "sha512-6FlzubTLZG3J2a/NVCAleEhjzq5oxgHyaCU9yYXvcLsvoVaHJq/s5xXI6/XXP6tz7R9xAOtHnSO/tXtF3WRTlA==",
			"license": "MIT"
		},
		"node_modules/nanoid": {
			"version": "5.1.11",
			"resolved": "https://registry.npmjs.org/nanoid/-/nanoid-5.1.11.tgz",
			"integrity": "sha512-v+KEsUv2ps74PaSKv0gHTxTCgMXOIfBEbaqa6w6ISIGC7ZsvHN4N9oJ8d4cmf0n5oTzQz2SLmThbQWhjd/8eKg==",
			"funding": [
				{
					"type": "github",
					"url": "https://github.com/sponsors/ai"
				}
			],
			"license": "MIT",
			"bin": {
				"nanoid": "bin/nanoid.js"
			},
			"engines": {
				"node": "^18 || >=20"
			}
		},
		"node_modules/proxy-from-env": {
			"version": "2.1.0",
			"resolved": "https://registry.npmjs.org/proxy-from-env/-/proxy-from-env-2.1.0.tgz",
			"integrity": "sha512-cJ+oHTW1VAEa8cJslgmUZrc+sjRKgAKl3Zyse6+PV38hZe/V6Z14TbCuXcan9F9ghlz4QrFr2c92TNF82UkYHA==",
			"license": "MIT",
			"engines": {
				"node": ">=10"
			}
		},
		"node_modules/qr-creator": {
			"version": "1.0.0",
			"resolved": "https://registry.npmjs.org/qr-creator/-/qr-creator-1.0.0.tgz",
			"integrity": "sha512-C0cqfbS1P5hfqN4NhsYsUXePlk9BO+a45bAQ3xLYjBL3bOIFzoVEjs79Fado9u9BPBD3buHi3+vY+C8tHh4qMQ==",
			"license": "MIT"
		},
		"node_modules/sortablejs": {
			"version": "1.15.7",
			"resolved": "https://registry.npmjs.org/sortablejs/-/sortablejs-1.15.7.tgz",
			"integrity": "sha512-Kk8wLQPlS+yi1ZEf48a4+fzHa4yxjC30M/Sr2AnQu+f/MPwvvX9XjZ6OWejiz8crBsLwSq8GHqaxaET7u6ux0A==",
			"license": "MIT"
		},
		"node_modules/vanilla-calendar-pro": {
			"version": "3.1.0",
			"resolved": "https://registry.npmjs.org/vanilla-calendar-pro/-/vanilla-calendar-pro-3.1.0.tgz",
			"integrity": "sha512-yXDtCaedcKz6i5OOdWGwui0C8MAmjXjj7JzKZyjDlkczSRqnhI8BDGFygqT2K+qL1uY7R2fLYlTlxA6oyFs2yg==",
			"license": "MIT",
			"funding": {
				"type": "individual",
				"url": "https://buymeacoffee.com/uvarov"
			}
		}
	}
}
